
Microsoft Visual Studio Solution File, Format Version 12.00
# Visual Studio Version 17
VisualStudioVersion = 17.6.33712.159
MinimumVisualStudioVersion = 10.0.40219.1
Project("{FAE04EC0-301F-11D3-BF4B-00C04F79EFBC}") = "PromGruz", "PromGruz\PromGruz.csproj", "{43BEA618-32C9-4F70-B1EF-EA40947D9370}"
EndProject
Global
	GlobalSection(SolutionConfigurationPlatforms) = preSolution
		Debug|Any CPU = Debug|Any CPU
		Release|Any CPU = Release|Any CPU
	EndGlobalSection
	GlobalSection(ProjectConfigurationPlatforms) = postSolution
		{43BEA618-32C9-4F70-B1EF-EA40947D9370}.Debug|Any CPU.ActiveCfg = Debug|Any CPU
		{43BEA618-32C9-4F70-B1EF-EA40947D9370}.Debug|Any CPU.Build.0 = Debug|Any CPU
		{43BEA618-32C9-4F70-B1EF-EA40947D9370}.Release|Any CPU.ActiveCfg = Release|Any CPU
		{43BEA618-32C9-4F70-B1EF-EA40947D9370}.Release|Any CPU.Build.0 = Release|Any CPU
	EndGlobalSection
	GlobalSection(SolutionProperties) = preSolution
		HideSolutionNode = FALSE
	EndGlobalSection
	GlobalSection(ExtensibilityGlobals) = postSolution
		SolutionGuid = {D3CE9D5B-98BF-4785-ADCC-565E1FD271EA}
	EndGlobalSection
EndGlobal
